{
  "name": "@andthen/gcp-logger",
  "version": "0.0.1",
  "lockfileVersion": 1,
  "requires": true,
  "dependencies": {
    "@types/node": {
      "version": "13.13.5",
      "resolved": "https://registry.npmjs.org/@types/node/-/node-13.13.5.tgz",
      "integrity": "sha512-3ySmiBYJPqgjiHA7oEaIo2Rzz0HrOZ7yrNO5HWyaE5q0lQ3BppDZ3N53Miz8bw2I7gh1/zir2MGVZBvpb1zq9g=="
    },
    "@types/pino": {
      "version": "6.0.0",
      "resolved": "https://registry.npmjs.org/@types/pino/-/pino-6.0.0.tgz",
      "integrity": "sha512-V/ygB0a3bkuNMT+MgRd5wahC3dwgEtWyZG7eY2c9gJZZFoZbIQj8vo/h9h8A+iWJfXpzvm97XtydYvKuW2kt1Q==",
      "requires": {
        "@types/node": "*",
        "@types/pino-std-serializers": "*",
        "@types/sonic-boom": "*"
      }
    },
    "@types/pino-std-serializers": {
      "version": "2.4.1",
      "resolved": "https://registry.npmjs.org/@types/pino-std-serializers/-/pino-std-serializers-2.4.1.tgz",
      "integrity": "sha512-17XcksO47M24IVTVKPeAByWUd3Oez7EbIjXpSbzMPhXVzgjGtrOa49gKBwxH9hb8dKv58OelsWQ+A1G1l9S3wQ==",
      "requires": {
        "@types/node": "*"
      }
    },
    "@types/sonic-boom": {
      "version": "0.7.0",
      "resolved": "https://registry.npmjs.org/@types/sonic-boom/-/sonic-boom-0.7.0.tgz",
      "integrity": "sha512-AfqR0fZMoUXUNwusgXKxcE9DPlHNDHQp6nKYUd4PSRpLobF5CCevSpyTEBcVZreqaWKCnGBr9KI1fHMTttoB7A==",
      "requires": {
        "@types/node": "*"
      }
    },
    "atomic-sleep": {
      "version": "1.0.0",
      "resolved": "https://registry.npmjs.org/atomic-sleep/-/atomic-sleep-1.0.0.tgz",
      "integrity": "sha512-kNOjDqAh7px0XWNI+4QbzoiR/nTkHAWNud2uvnJquD1/x5a7EQZMJT0AczqK0Qn67oY/TTQ1LbUKajZpp3I9tQ=="
    },
    "fast-redact": {
      "version": "2.0.0",
      "resolved": "https://registry.npmjs.org/fast-redact/-/fast-redact-2.0.0.tgz",
      "integrity": "sha512-zxpkULI9W9MNTK2sJ3BpPQrTEXFNESd2X6O1tXMFpK/XM0G5c5Rll2EVYZH2TqI3xRGK/VaJ+eEOt7pnENJpeA=="
    },
    "fast-safe-stringify": {
      "version": "2.0.7",
      "resolved": "https://registry.npmjs.org/fast-safe-stringify/-/fast-safe-stringify-2.0.7.tgz",
      "integrity": "sha512-Utm6CdzT+6xsDk2m8S6uL8VHxNwI6Jub+e9NYTcAms28T84pTa25GJQV9j0CY0N1rM8hK4x6grpF2BQf+2qwVA=="
    },
    "flatstr": {
      "version": "1.0.12",
      "resolved": "https://registry.npmjs.org/flatstr/-/flatstr-1.0.12.tgz",
      "integrity": "sha512-4zPxDyhCyiN2wIAtSLI6gc82/EjqZc1onI4Mz/l0pWrAlsSfYH/2ZIcU+e3oA2wDwbzIWNKwa23F8rh6+DRWkw=="
    },
    "jwebt": {
      "version": "0.0.3",
      "resolved": "https://registry.npmjs.org/jwebt/-/jwebt-0.0.3.tgz",
      "integrity": "sha512-HL8MJpdaEseWOyzXu2uvLBvRc7XdlkAIfMXHwmtbkSooF+U9dLvcMqqrGst2zoh9pPGfltSqv3a7jisJzrHH5g=="
    },
    "jwebt-gcp": {
      "version": "0.0.3",
      "resolved": "https://registry.npmjs.org/jwebt-gcp/-/jwebt-gcp-0.0.3.tgz",
      "integrity": "sha512-ae8tCiCks7R5OiSKgK8iq69pIQ6xOdiLO6Sp1jcZ4TcwqW678p4sjVybkNnJ2CgTs41mw8xH4fnWQhx/XToNSw=="
    },
    "lodash.debounce": {
      "version": "4.0.8",
      "resolved": "https://registry.npmjs.org/lodash.debounce/-/lodash.debounce-4.0.8.tgz",
      "integrity": "sha1-gteb/zCmfEAF/9XiUVMArZyk168="
    },
    "lodash.throttle": {
      "version": "4.1.1",
      "resolved": "https://registry.npmjs.org/lodash.throttle/-/lodash.throttle-4.1.1.tgz",
      "integrity": "sha1-wj6RtxAkKscMN/HhzaknTMOb8vQ="
    },
    "pino": {
      "version": "6.2.1",
      "resolved": "https://registry.npmjs.org/pino/-/pino-6.2.1.tgz",
      "integrity": "sha512-5F5A+G25Ex2rMOBEe3XYGyLSF4dikQZsFvPojwsqnDBX+rfg7+kw9s5i7pHuVAJImekjwb+MR9jQyHWPLENlvQ==",
      "requires": {
        "fast-redact": "^2.0.0",
        "fast-safe-stringify": "^2.0.7",
        "flatstr": "^1.0.12",
        "pino-std-serializers": "^2.4.2",
        "quick-format-unescaped": "^4.0.1",
        "sonic-boom": "^1.0.0"
      }
    },
    "pino-std-serializers": {
      "version": "2.4.2",
      "resolved": "https://registry.npmjs.org/pino-std-serializers/-/pino-std-serializers-2.4.2.tgz",
      "integrity": "sha512-WaL504dO8eGs+vrK+j4BuQQq6GLKeCCcHaMB2ItygzVURcL1CycwNEUHTD/lHFHs/NL5qAz2UKrjYWXKSf4aMQ=="
    },
    "pino-transmit-http": {
      "version": "git+https://github.com/ajwild/pino-transmit-http.git#983526bd5f7f0a035520d5f8c0b77f61b949d6fe",
      "from": "git+https://github.com/ajwild/pino-transmit-http.git#983526b",
      "requires": {
        "@types/pino": "^6.0.0",
        "lodash.debounce": "^4.0.8",
        "lodash.throttle": "^4.1.1"
      }
    },
    "quick-format-unescaped": {
      "version": "4.0.1",
      "resolved": "https://registry.npmjs.org/quick-format-unescaped/-/quick-format-unescaped-4.0.1.tgz",
      "integrity": "sha512-RyYpQ6Q5/drsJyOhrWHYMWTedvjTIat+FTwv0K4yoUxzvekw2aRHMQJLlnvt8UantkZg2++bEzD9EdxXqkWf4A=="
    },
    "sonic-boom": {
      "version": "1.0.1",
      "resolved": "https://registry.npmjs.org/sonic-boom/-/sonic-boom-1.0.1.tgz",
      "integrity": "sha512-o9tx+bonVEXSaPtptyXQXpP8l6UV9Bi3im2geZskvWw2a/o/hrbWI7EBbbv+rOx6Hubnzun9GgH4WfbgEA3MFQ==",
      "requires": {
        "atomic-sleep": "^1.0.0",
        "flatstr": "^1.0.12"
      }
    }
  }
}
